
Microsoft Visual Studio Solution File, Format Version 12.00
# Visual Studio Version 17
VisualStudioVersion = 17.3.32922.545
MinimumVisualStudioVersion = 10.0.40219.1
Project("{2150E333-8FDC-42A3-9474-1A3956D46DE8}") = "Original", "Original", "{AE489FC3-8E04-49B4-A50E-807E12AEEBA4}"
EndProject
Project("{2150E333-8FDC-42A3-9474-1A3956D46DE8}") = "DBContexts", "DBContexts", "{55C86039-A55A-475F-9C0A-657D7DA465C7}"
EndProject
Project("{2150E333-8FDC-42A3-9474-1A3956D46DE8}") = "Apps", "Apps", "{D3EBFD50-1324-4A17-BC3E-B50E9D7522F9}"
EndProject
Project("{2150E333-8FDC-42A3-9474-1A3956D46DE8}") = "Services", "Services", "{AF1FBE60-0A3A-42AF-A48C-C6047B2AE42B}"
EndProject
Project("{2150E333-8FDC-42A3-9474-1A3956D46DE8}") = "Webs", "Webs", "{E41CB293-B48F-477F-8881-8300FF483B0C}"
EndProject
Project("{FAE04EC0-301F-11D3-BF4B-00C04F79EFBC}") = "Service.Education", "Original\Services\Service.Core\Service.Education.csproj", "{6D129C74-7773-4C4D-B2FB-A7803AA03A19}"
EndProject
Project("{FAE04EC0-301F-11D3-BF4B-00C04F79EFBC}") = "DBServer", "Original\DBContexts\DBServer\DBServer.csproj", "{D35AEC9D-FE5E-4542-891A-514798A4ED89}"
EndProject
Project("{FAE04EC0-301F-11D3-BF4B-00C04F79EFBC}") = "Web.Student", "Original\Webs\Web.Student\Web.Student.csproj", "{BD8CCDE5-3C8E-404C-9BAB-19F8ADFF7C82}"
EndProject
Project("{FAE04EC0-301F-11D3-BF4B-00C04F79EFBC}") = "DBContext.AuthSharing", "Original\DBContexts\DBContext.AuthSharing\DBContext.AuthSharing.csproj", "{ABF1D53D-CACE-46B8-A71D-37E139869E02}"
EndProject
Project("{FAE04EC0-301F-11D3-BF4B-00C04F79EFBC}") = "Service.AuthSharing", "Original\Services\Service.AuthSharing\Service.AuthSharing.csproj", "{0D3ACBF4-7F5A-4691-BAE3-CF034A298938}"
EndProject
Global
	GlobalSection(SolutionConfigurationPlatforms) = preSolution
		Debug|Any CPU = Debug|Any CPU
		Release|Any CPU = Release|Any CPU
	EndGlobalSection
	GlobalSection(ProjectConfigurationPlatforms) = postSolution
		{6D129C74-7773-4C4D-B2FB-A7803AA03A19}.Debug|Any CPU.ActiveCfg = Debug|Any CPU
		{6D129C74-7773-4C4D-B2FB-A7803AA03A19}.Debug|Any CPU.Build.0 = Debug|Any CPU
		{6D129C74-7773-4C4D-B2FB-A7803AA03A19}.Release|Any CPU.ActiveCfg = Release|Any CPU
		{6D129C74-7773-4C4D-B2FB-A7803AA03A19}.Release|Any CPU.Build.0 = Release|Any CPU
		{D35AEC9D-FE5E-4542-891A-514798A4ED89}.Debug|Any CPU.ActiveCfg = Debug|Any CPU
		{D35AEC9D-FE5E-4542-891A-514798A4ED89}.Debug|Any CPU.Build.0 = Debug|Any CPU
		{D35AEC9D-FE5E-4542-891A-514798A4ED89}.Release|Any CPU.ActiveCfg = Release|Any CPU
		{D35AEC9D-FE5E-4542-891A-514798A4ED89}.Release|Any CPU.Build.0 = Release|Any CPU
		{BD8CCDE5-3C8E-404C-9BAB-19F8ADFF7C82}.Debug|Any CPU.ActiveCfg = Debug|Any CPU
		{BD8CCDE5-3C8E-404C-9BAB-19F8ADFF7C82}.Debug|Any CPU.Build.0 = Debug|Any CPU
		{BD8CCDE5-3C8E-404C-9BAB-19F8ADFF7C82}.Release|Any CPU.ActiveCfg = Release|Any CPU
		{BD8CCDE5-3C8E-404C-9BAB-19F8ADFF7C82}.Release|Any CPU.Build.0 = Release|Any CPU
		{ABF1D53D-CACE-46B8-A71D-37E139869E02}.Debug|Any CPU.ActiveCfg = Debug|Any CPU
		{ABF1D53D-CACE-46B8-A71D-37E139869E02}.Debug|Any CPU.Build.0 = Debug|Any CPU
		{ABF1D53D-CACE-46B8-A71D-37E139869E02}.Release|Any CPU.ActiveCfg = Release|Any CPU
		{ABF1D53D-CACE-46B8-A71D-37E139869E02}.Release|Any CPU.Build.0 = Release|Any CPU
		{0D3ACBF4-7F5A-4691-BAE3-CF034A298938}.Debug|Any CPU.ActiveCfg = Debug|Any CPU
		{0D3ACBF4-7F5A-4691-BAE3-CF034A298938}.Debug|Any CPU.Build.0 = Debug|Any CPU
		{0D3ACBF4-7F5A-4691-BAE3-CF034A298938}.Release|Any CPU.ActiveCfg = Release|Any CPU
		{0D3ACBF4-7F5A-4691-BAE3-CF034A298938}.Release|Any CPU.Build.0 = Release|Any CPU
	EndGlobalSection
	GlobalSection(SolutionProperties) = preSolution
		HideSolutionNode = FALSE
	EndGlobalSection
	GlobalSection(NestedProjects) = preSolution
		{55C86039-A55A-475F-9C0A-657D7DA465C7} = {AE489FC3-8E04-49B4-A50E-807E12AEEBA4}
		{D3EBFD50-1324-4A17-BC3E-B50E9D7522F9} = {AE489FC3-8E04-49B4-A50E-807E12AEEBA4}
		{AF1FBE60-0A3A-42AF-A48C-C6047B2AE42B} = {AE489FC3-8E04-49B4-A50E-807E12AEEBA4}
		{E41CB293-B48F-477F-8881-8300FF483B0C} = {AE489FC3-8E04-49B4-A50E-807E12AEEBA4}
		{6D129C74-7773-4C4D-B2FB-A7803AA03A19} = {AF1FBE60-0A3A-42AF-A48C-C6047B2AE42B}
		{D35AEC9D-FE5E-4542-891A-514798A4ED89} = {55C86039-A55A-475F-9C0A-657D7DA465C7}
		{BD8CCDE5-3C8E-404C-9BAB-19F8ADFF7C82} = {E41CB293-B48F-477F-8881-8300FF483B0C}
		{ABF1D53D-CACE-46B8-A71D-37E139869E02} = {55C86039-A55A-475F-9C0A-657D7DA465C7}
		{0D3ACBF4-7F5A-4691-BAE3-CF034A298938} = {AF1FBE60-0A3A-42AF-A48C-C6047B2AE42B}
	EndGlobalSection
	GlobalSection(ExtensibilityGlobals) = postSolution
		SolutionGuid = {B5AB3D4F-1EB6-4C42-8EF3-F8476E1D7E8D}
	EndGlobalSection
EndGlobal
